
Microsoft Visual Studio Solution File, Format Version 12.00
# Visual Studio Version 16
VisualStudioVersion = 16.0.28803.352
MinimumVisualStudioVersion = 15.0.26124.0
Global
	GlobalSection(SolutionConfigurationPlatforms) = preSolution
		Debug|Any CPU = Debug|Any CPU
		Debug|x64 = Debug|x64
		Debug|x86 = Debug|x86
		Release|Any CPU = Release|Any CPU
		Release|x64 = Release|x64
		Release|x86 = Release|x86
	EndGlobalSection
	GlobalSection(ProjectConfigurationPlatforms) = postSolution
		{888A34F3-DDAD-4E1B-841A-BD0C579ABFEF}.Debug|Any CPU.ActiveCfg = Debug|Any CPU
		{888A34F3-DDAD-4E1B-841A-BD0C579ABFEF}.Debug|Any CPU.Build.0 = Debug|Any CPU
		{888A34F3-DDAD-4E1B-841A-BD0C579ABFEF}.Debug|x64.ActiveCfg = Debug|Any CPU
		{888A34F3-DDAD-4E1B-841A-BD0C579ABFEF}.Debug|x64.Build.0 = Debug|Any CPU
		{888A34F3-DDAD-4E1B-841A-BD0C579ABFEF}.Debug|x86.ActiveCfg = Debug|Any CPU
		{888A34F3-DDAD-4E1B-841A-BD0C579ABFEF}.Debug|x86.Build.0 = Debug|Any CPU
		{888A34F3-DDAD-4E1B-841A-BD0C579ABFEF}.Release|Any CPU.ActiveCfg = Release|Any CPU
		{888A34F3-DDAD-4E1B-841A-BD0C579ABFEF}.Release|Any CPU.Build.0 = Release|Any CPU
		{888A34F3-DDAD-4E1B-841A-BD0C579ABFEF}.Release|x64.ActiveCfg = Release|Any CPU
		{888A34F3-DDAD-4E1B-841A-BD0C579ABFEF}.Release|x64.Build.0 = Release|Any CPU
		{888A34F3-DDAD-4E1B-841A-BD0C579ABFEF}.Release|x86.ActiveCfg = Release|Any CPU
		{888A34F3-DDAD-4E1B-841A-BD0C579ABFEF}.Release|x86.Build.0 = Release|Any CPU
	EndGlobalSection
	GlobalSection(SolutionProperties) = preSolution
		HideSolutionNode = FALSE
	EndGlobalSection
	GlobalSection(NestedProjects) = preSolution
		{888A34F3-DDAD-4E1B-841A-BD0C579ABFEF} = {28E8D0D6-EE9A-4119-A98E-C0A2B218D7A5}
	EndGlobalSection
	GlobalSection(ExtensibilityGlobals) = postSolution
		SolutionGuid = {9907F1D8-53D1-4FF8-947B-319BF06B5A78}
	EndGlobalSection
EndGlobal
